
Microsoft Visual Studio Solution File, Format Version 12.00
# Visual Studio 15
VisualStudioVersion = 15.0.28307.1433
MinimumVisualStudioVersion = 10.0.40219.1
Project("{FAE04EC0-301F-11D3-BF4B-00C04F79EFBC}") = "PBIoT.GUI", "PBIoT.GUI\PBIoT.GUI.csproj", "{7540F83D-54CA-426A-8E18-C2D3E9ACD2B4}"
EndProject
Global
	GlobalSection(SolutionConfigurationPlatforms) = preSolution
		Debug|Any CPU = Debug|Any CPU
		Release|Any CPU = Release|Any CPU
	EndGlobalSection
	GlobalSection(ProjectConfigurationPlatforms) = postSolution
		{7540F83D-54CA-426A-8E18-C2D3E9ACD2B4}.Debug|Any CPU.ActiveCfg = Debug|Any CPU
		{7540F83D-54CA-426A-8E18-C2D3E9ACD2B4}.Debug|Any CPU.Build.0 = Debug|Any CPU
		{7540F83D-54CA-426A-8E18-C2D3E9ACD2B4}.Release|Any CPU.ActiveCfg = Release|Any CPU
		{7540F83D-54CA-426A-8E18-C2D3E9ACD2B4}.Release|Any CPU.Build.0 = Release|Any CPU
	EndGlobalSection
	GlobalSection(SolutionProperties) = preSolution
		HideSolutionNode = FALSE
	EndGlobalSection
	GlobalSection(ExtensibilityGlobals) = postSolution
		SolutionGuid = {8C560635-6843-44E6-8E06-82E13B62B27B}
	EndGlobalSection
EndGlobal
